
Microsoft Visual Studio Solution File, Format Version 12.00
# Visual Studio Version 16
VisualStudioVersion = 16.0.29409.12
MinimumVisualStudioVersion = 10.0.40219.1
Project("{9A19103F-16F7-4668-BE54-9A1E7A4F7556}") = "My.Admin.HttpApi.Host", "src\My.Admin.HttpApi.Host\My.Admin.HttpApi.Host.csproj", "{6F47A41A-085E-4422-BB73-5A2CBAA07D9F}"
EndProject
Project("{9A19103F-16F7-4668-BE54-9A1E7A4F7556}") = "My.Admin.Domain", "src\My.Admin.Domain\My.Admin.Domain.csproj", "{E725F0A1-0B03-406F-B84B-0F486C6137FC}"
EndProject
Project("{9A19103F-16F7-4668-BE54-9A1E7A4F7556}") = "My.Admin.Repository", "src\My.Admin.Repository\My.Admin.Repository.csproj", "{8D651E7F-49D3-4D27-8486-ADCF000BB24D}"
EndProject
Project("{9A19103F-16F7-4668-BE54-9A1E7A4F7556}") = "My.Admin.Service", "src\My.Admin.Service\My.Admin.Service.csproj", "{A2EFEFFC-39AD-48D2-8337-E6840B26023B}"
EndProject
Project("{9A19103F-16F7-4668-BE54-9A1E7A4F7556}") = "My.Admin.Common", "src\My.Admin.Common\My.Admin.Common.csproj", "{97D32A49-994C-44C5-A167-51E71D173B6F}"
EndProject
Project("{9A19103F-16F7-4668-BE54-9A1E7A4F7556}") = "My.Admin.Tests", "test\My.Admin.Tests\My.Admin.Tests.csproj", "{69A9CD28-39CE-415E-8150-A4A876E708FD}"
EndProject
Project("{9A19103F-16F7-4668-BE54-9A1E7A4F7556}") = "My.Admin.Tools", "src\My.Admin.Tools\My.Admin.Tools.csproj", "{BDD8E9DB-896C-4340-A7E6-DFE341DE86C2}"
EndProject
Project("{2150E333-8FDC-42A3-9474-1A3956D46DE8}") = "src", "src", "{A50891C6-7535-4FF9-9D6F-C9B29EC3F75E}"
EndProject
Project("{2150E333-8FDC-42A3-9474-1A3956D46DE8}") = "test", "test", "{98BA3007-1B44-4D0E-B7F4-434E95639019}"
EndProject
Global
	GlobalSection(SolutionConfigurationPlatforms) = preSolution
		Debug|Any CPU = Debug|Any CPU
		Release|Any CPU = Release|Any CPU
	EndGlobalSection
	GlobalSection(ProjectConfigurationPlatforms) = postSolution
		{6F47A41A-085E-4422-BB73-5A2CBAA07D9F}.Debug|Any CPU.ActiveCfg = Debug|Any CPU
		{6F47A41A-085E-4422-BB73-5A2CBAA07D9F}.Debug|Any CPU.Build.0 = Debug|Any CPU
		{6F47A41A-085E-4422-BB73-5A2CBAA07D9F}.Release|Any CPU.ActiveCfg = Release|Any CPU
		{6F47A41A-085E-4422-BB73-5A2CBAA07D9F}.Release|Any CPU.Build.0 = Release|Any CPU
		{E725F0A1-0B03-406F-B84B-0F486C6137FC}.Debug|Any CPU.ActiveCfg = Debug|Any CPU
		{E725F0A1-0B03-406F-B84B-0F486C6137FC}.Debug|Any CPU.Build.0 = Debug|Any CPU
		{E725F0A1-0B03-406F-B84B-0F486C6137FC}.Release|Any CPU.ActiveCfg = Release|Any CPU
		{E725F0A1-0B03-406F-B84B-0F486C6137FC}.Release|Any CPU.Build.0 = Release|Any CPU
		{8D651E7F-49D3-4D27-8486-ADCF000BB24D}.Debug|Any CPU.ActiveCfg = Debug|Any CPU
		{8D651E7F-49D3-4D27-8486-ADCF000BB24D}.Debug|Any CPU.Build.0 = Debug|Any CPU
		{8D651E7F-49D3-4D27-8486-ADCF000BB24D}.Release|Any CPU.ActiveCfg = Release|Any CPU
		{8D651E7F-49D3-4D27-8486-ADCF000BB24D}.Release|Any CPU.Build.0 = Release|Any CPU
		{A2EFEFFC-39AD-48D2-8337-E6840B26023B}.Debug|Any CPU.ActiveCfg = Debug|Any CPU
		{A2EFEFFC-39AD-48D2-8337-E6840B26023B}.Debug|Any CPU.Build.0 = Debug|Any CPU
		{A2EFEFFC-39AD-48D2-8337-E6840B26023B}.Release|Any CPU.ActiveCfg = Release|Any CPU
		{A2EFEFFC-39AD-48D2-8337-E6840B26023B}.Release|Any CPU.Build.0 = Release|Any CPU
		{97D32A49-994C-44C5-A167-51E71D173B6F}.Debug|Any CPU.ActiveCfg = Debug|Any CPU
		{97D32A49-994C-44C5-A167-51E71D173B6F}.Debug|Any CPU.Build.0 = Debug|Any CPU
		{97D32A49-994C-44C5-A167-51E71D173B6F}.Release|Any CPU.ActiveCfg = Release|Any CPU
		{97D32A49-994C-44C5-A167-51E71D173B6F}.Release|Any CPU.Build.0 = Release|Any CPU
		{69A9CD28-39CE-415E-8150-A4A876E708FD}.Debug|Any CPU.ActiveCfg = Debug|Any CPU
		{69A9CD28-39CE-415E-8150-A4A876E708FD}.Debug|Any CPU.Build.0 = Debug|Any CPU
		{69A9CD28-39CE-415E-8150-A4A876E708FD}.Release|Any CPU.ActiveCfg = Release|Any CPU
		{69A9CD28-39CE-415E-8150-A4A876E708FD}.Release|Any CPU.Build.0 = Release|Any CPU
		{BDD8E9DB-896C-4340-A7E6-DFE341DE86C2}.Debug|Any CPU.ActiveCfg = Debug|Any CPU
		{BDD8E9DB-896C-4340-A7E6-DFE341DE86C2}.Debug|Any CPU.Build.0 = Debug|Any CPU
		{BDD8E9DB-896C-4340-A7E6-DFE341DE86C2}.Release|Any CPU.ActiveCfg = Release|Any CPU
		{BDD8E9DB-896C-4340-A7E6-DFE341DE86C2}.Release|Any CPU.Build.0 = Release|Any CPU
	EndGlobalSection
	GlobalSection(SolutionProperties) = preSolution
		HideSolutionNode = FALSE
	EndGlobalSection
	GlobalSection(NestedProjects) = preSolution
		{6F47A41A-085E-4422-BB73-5A2CBAA07D9F} = {A50891C6-7535-4FF9-9D6F-C9B29EC3F75E}
		{E725F0A1-0B03-406F-B84B-0F486C6137FC} = {A50891C6-7535-4FF9-9D6F-C9B29EC3F75E}
		{8D651E7F-49D3-4D27-8486-ADCF000BB24D} = {A50891C6-7535-4FF9-9D6F-C9B29EC3F75E}
		{A2EFEFFC-39AD-48D2-8337-E6840B26023B} = {A50891C6-7535-4FF9-9D6F-C9B29EC3F75E}
		{97D32A49-994C-44C5-A167-51E71D173B6F} = {A50891C6-7535-4FF9-9D6F-C9B29EC3F75E}
		{69A9CD28-39CE-415E-8150-A4A876E708FD} = {98BA3007-1B44-4D0E-B7F4-434E95639019}
		{BDD8E9DB-896C-4340-A7E6-DFE341DE86C2} = {A50891C6-7535-4FF9-9D6F-C9B29EC3F75E}
	EndGlobalSection
	GlobalSection(ExtensibilityGlobals) = postSolution
		SolutionGuid = {AB40D0C5-E3EA-4A9B-86C2-38F0BB33FC04}
	EndGlobalSection
EndGlobal
